
Microsoft Visual Studio Solution File, Format Version 12.00
# Visual Studio Version 16
VisualStudioVersion = 16.0.30517.126
MinimumVisualStudioVersion = 10.0.40219.1
Project("{FAE04EC0-301F-11D3-BF4B-00C04F79EFBC}") = "CabInvoiceGenerator", "CabServiceGenerator\CabInvoiceGenerator.csproj", "{1EC7E797-5BDA-4578-9734-142CCAEEE86C}"
EndProject
Project("{FAE04EC0-301F-11D3-BF4B-00C04F79EFBC}") = "NUnitTestProject1", "NUnitTestProject1\NUnitTestProject1.csproj", "{1379D08F-EB49-401C-8C6D-FE891B972CC5}"
EndProject
Global
	GlobalSection(SolutionConfigurationPlatforms) = preSolution
		Debug|Any CPU = Debug|Any CPU
		Release|Any CPU = Release|Any CPU
	EndGlobalSection
	GlobalSection(ProjectConfigurationPlatforms) = postSolution
		{1EC7E797-5BDA-4578-9734-142CCAEEE86C}.Debug|Any CPU.ActiveCfg = Debug|Any CPU
		{1EC7E797-5BDA-4578-9734-142CCAEEE86C}.Debug|Any CPU.Build.0 = Debug|Any CPU
		{1EC7E797-5BDA-4578-9734-142CCAEEE86C}.Release|Any CPU.ActiveCfg = Release|Any CPU
		{1EC7E797-5BDA-4578-9734-142CCAEEE86C}.Release|Any CPU.Build.0 = Release|Any CPU
		{1379D08F-EB49-401C-8C6D-FE891B972CC5}.Debug|Any CPU.ActiveCfg = Debug|Any CPU
		{1379D08F-EB49-401C-8C6D-FE891B972CC5}.Debug|Any CPU.Build.0 = Debug|Any CPU
		{1379D08F-EB49-401C-8C6D-FE891B972CC5}.Release|Any CPU.ActiveCfg = Release|Any CPU
		{1379D08F-EB49-401C-8C6D-FE891B972CC5}.Release|Any CPU.Build.0 = Release|Any CPU
	EndGlobalSection
	GlobalSection(SolutionProperties) = preSolution
		HideSolutionNode = FALSE
	EndGlobalSection
	GlobalSection(ExtensibilityGlobals) = postSolution
		SolutionGuid = {10D23BEC-0537-447C-9483-147C3CFDCEDC}
	EndGlobalSection
EndGlobal
